{
    "requires": true,
    "lockfileVersion": 1,
    "dependencies": {
        "coffee-script": {
            "version": "1.12.7",
            "resolved": "https://registry.npmjs.org/coffee-script/-/coffee-script-1.12.7.tgz",
            "integrity": "sha512-fLeEhqwymYat/MpTPUjSKHVYYl0ec2mOyALEMLmzr5i1isuG+6jfI2j2d5oBO3VIzgUXgBVIcOT9uH1TFxBckw=="
        },
        "uglify-js": {
            "version": "3.17.4",
            "resolved": "https://registry.npmjs.org/uglify-js/-/uglify-js-3.17.4.tgz",
            "integrity": "sha512-T9q82TJI9e/C1TAxYvfb16xO120tMVFZrGA3f9/P4424DNu6ypK103y0GPFVa17yotwSyZW5iYXgjYHkGrJW/g=="
        }
    }
}
